
Microsoft Visual Studio Solution File, Format Version 12.00
# Visual Studio Version 17
VisualStudioVersion = 17.0.31903.59
MinimumVisualStudioVersion = 10.0.40219.1
Project("{2150E333-8FDC-42A3-9474-1A3956D46DE8}") = "src", "src", "{827E0CD3-B72D-47B6-A68D-7590B98EB39B}"
EndProject
Project("{FAE04EC0-301F-11D3-BF4B-00C04F79EFBC}") = "Cortex", "src\Cortex\Cortex.csproj", "{D6A45584-7850-4D07-88D4-294E12B037F0}"
EndProject
Project("{FAE04EC0-301F-11D3-BF4B-00C04F79EFBC}") = "Cortex.Plot", "src\Cortex.Plot\Cortex.Plot.csproj", "{EECEF18E-1138-4C8F-908B-3D3E5A5F9BAA}"
EndProject
Project("{FAE04EC0-301F-11D3-BF4B-00C04F79EFBC}") = "Cortex.Interactive", "src\Cortex.Interactive\Cortex.Interactive.csproj", "{B4FDF83D-8BA9-4506-82D5-A82AE0A0B1E9}"
EndProject
Project("{2150E333-8FDC-42A3-9474-1A3956D46DE8}") = "tests", "tests", "{0AB3BF05-4346-4AA6-1389-037BE0695223}"
EndProject
Project("{FAE04EC0-301F-11D3-BF4B-00C04F79EFBC}") = "Cortex.Tests.Unit", "tests\Cortex.Tests.Unit\Cortex.Tests.Unit.csproj", "{20DFFF18-95B7-419E-B03B-BF8CD43B8675}"
EndProject
Project("{FAE04EC0-301F-11D3-BF4B-00C04F79EFBC}") = "Cortex.Tests.Benchmarks", "tests\Cortex.Tests.Benchmarks\Cortex.Tests.Benchmarks.csproj", "{61716742-BA2A-4635-8A8B-3671DFB48E57}"
EndProject
Project("{2150E333-8FDC-42A3-9474-1A3956D46DE8}") = "samples", "samples", "{5D20AA90-6969-D8BD-9DCD-8634F4692FDA}"
EndProject
Project("{FAE04EC0-301F-11D3-BF4B-00C04F79EFBC}") = "Cortex.Samples", "samples\Cortex.Samples\Cortex.Samples.csproj", "{6C6A095A-A7C5-4D5E-9283-0E150987A8C3}"
EndProject
Project("{FAE04EC0-301F-11D3-BF4B-00C04F79EFBC}") = "Cortex.ML", "src\Cortex.ML\Cortex.ML.csproj", "{DE52E499-3A82-4921-8C13-B0D5F3F2B009}"
EndProject
Project("{FAE04EC0-301F-11D3-BF4B-00C04F79EFBC}") = "Cortex.ML.Tests", "tests\Cortex.ML.Tests\Cortex.ML.Tests.csproj", "{20FD04BC-3113-4CC2-85B8-5C44E72E9A30}"
EndProject
Project("{FAE04EC0-301F-11D3-BF4B-00C04F79EFBC}") = "Cortex.ML.MLNet", "src\Cortex.ML.MLNet\Cortex.ML.MLNet.csproj", "{EAFD665B-DF94-49FF-B1C0-5D186D6DE3FF}"
EndProject
Project("{FAE04EC0-301F-11D3-BF4B-00C04F79EFBC}") = "Cortex.ML.Torch", "src\Cortex.ML.Torch\Cortex.ML.Torch.csproj", "{82B62BC7-1530-4288-9DF2-9CC1B8C76703}"
EndProject
Project("{FAE04EC0-301F-11D3-BF4B-00C04F79EFBC}") = "Cortex.ML.Onnx", "src\Cortex.ML.Onnx\Cortex.ML.Onnx.csproj", "{8338728B-7C9A-48EA-8D9B-AAC7A5186270}"
EndProject
Project("{FAE04EC0-301F-11D3-BF4B-00C04F79EFBC}") = "Cortex.IO.Database", "src\Cortex.IO.Database\Cortex.IO.Database.csproj", "{861F228E-8093-4456-B7A6-953C357C2D0A}"
EndProject
Project("{FAE04EC0-301F-11D3-BF4B-00C04F79EFBC}") = "Cortex.IO.Database.Tests", "tests\Cortex.IO.Database.Tests\Cortex.IO.Database.Tests.csproj", "{17E2E8D3-94AF-4E0C-B91E-E63217BB937D}"
EndProject
Project("{FAE04EC0-301F-11D3-BF4B-00C04F79EFBC}") = "Cortex.Viz", "src\Cortex.Viz\Cortex.Viz.csproj", "{10EF3B17-07B8-4B2A-9508-085B33217DCD}"
EndProject
Project("{FAE04EC0-301F-11D3-BF4B-00C04F79EFBC}") = "Cortex.Viz.Tests", "tests\Cortex.Viz.Tests\Cortex.Viz.Tests.csproj", "{B1EA2E4A-E868-45B5-840F-354A580ACB23}"
EndProject
Project("{FAE04EC0-301F-11D3-BF4B-00C04F79EFBC}") = "Cortex.Streaming", "src\Cortex.Streaming\Cortex.Streaming.csproj", "{25D4A7FD-6D69-4FC7-BDC0-C8DE3E964C69}"
EndProject
Project("{FAE04EC0-301F-11D3-BF4B-00C04F79EFBC}") = "Cortex.Streaming.Tests", "tests\Cortex.Streaming.Tests\Cortex.Streaming.Tests.csproj", "{A20B1E9C-7349-4522-8F72-1F757F4807D7}"
EndProject
Project("{FAE04EC0-301F-11D3-BF4B-00C04F79EFBC}") = "Cortex.Geo", "src\Cortex.Geo\Cortex.Geo.csproj", "{B8242B45-F308-437A-9E5F-CDBAC972FFA0}"
EndProject
Project("{FAE04EC0-301F-11D3-BF4B-00C04F79EFBC}") = "Cortex.Geo.Tests", "tests\Cortex.Geo.Tests\Cortex.Geo.Tests.csproj", "{CC9575CA-B9DD-4D2E-A0A0-5AE6BCBEFDFE}"
EndProject
Project("{FAE04EC0-301F-11D3-BF4B-00C04F79EFBC}") = "Cortex.Streaming.Kafka", "src\Cortex.Streaming.Kafka\Cortex.Streaming.Kafka.csproj", "{A245417B-AF24-4D89-BA54-D60C791A52A5}"
EndProject
Project("{FAE04EC0-301F-11D3-BF4B-00C04F79EFBC}") = "Cortex.Streaming.Redis", "src\Cortex.Streaming.Redis\Cortex.Streaming.Redis.csproj", "{F9C7906B-B79F-4C24-AC73-A6E9A20744EF}"
EndProject
Project("{FAE04EC0-301F-11D3-BF4B-00C04F79EFBC}") = "Cortex.Cloud", "src\Cortex.Cloud\Cortex.Cloud.csproj", "{1D7683F8-F2DD-4A1D-B308-FD8A8A767F58}"
EndProject
Project("{FAE04EC0-301F-11D3-BF4B-00C04F79EFBC}") = "Cortex.Flight", "src\Cortex.Flight\Cortex.Flight.csproj", "{30F777F4-D4B9-436B-A5B1-71D357D47CDC}"
EndProject
Project("{FAE04EC0-301F-11D3-BF4B-00C04F79EFBC}") = "Cortex.Samples.Viz", "samples\Cortex.Samples.Viz\Cortex.Samples.Viz.csproj", "{FF315AFC-3CDC-4115-9E6F-F9AC1C5A9C07}"
EndProject
Project("{FAE04EC0-301F-11D3-BF4B-00C04F79EFBC}") = "Cortex.Samples.Database", "samples\Cortex.Samples.Database\Cortex.Samples.Database.csproj", "{9F67DF78-C6B7-4385-AC70-AB9B37D98BF2}"
EndProject
Project("{FAE04EC0-301F-11D3-BF4B-00C04F79EFBC}") = "Cortex.Samples.ML", "samples\Cortex.Samples.ML\Cortex.Samples.ML.csproj", "{E7BEA506-5BC8-4F3B-A92B-6028BCD9F036}"
EndProject
Project("{FAE04EC0-301F-11D3-BF4B-00C04F79EFBC}") = "Cortex.Samples.Postgres", "samples\Cortex.Samples.Postgres\Cortex.Samples.Postgres.csproj", "{5EB73BBA-2B20-4D3A-9EDE-65CEEB2B4F35}"
EndProject
Project("{FAE04EC0-301F-11D3-BF4B-00C04F79EFBC}") = "Cortex.Samples.StockAnalyzer", "samples\Cortex.Samples.StockAnalyzer\Cortex.Samples.StockAnalyzer.csproj", "{3ACC146F-8BCA-4DC1-A488-A65033F1C191}"
EndProject
Project("{FAE04EC0-301F-11D3-BF4B-00C04F79EFBC}") = "Cortex.Vision", "src\Cortex.Vision\Cortex.Vision.csproj", "{2C71B58E-B6BB-4F0D-83F6-49152E48C519}"
EndProject
Project("{FAE04EC0-301F-11D3-BF4B-00C04F79EFBC}") = "Cortex.Vision.Tests", "tests\Cortex.Vision.Tests\Cortex.Vision.Tests.csproj", "{CFB19454-A6EA-4136-A601-68817805A347}"
EndProject
Project("{FAE04EC0-301F-11D3-BF4B-00C04F79EFBC}") = "Cortex.TimeSeries", "src\Cortex.TimeSeries\Cortex.TimeSeries.csproj", "{8F4324D1-E8F8-479B-8B5B-A71F764616E6}"
EndProject
Project("{FAE04EC0-301F-11D3-BF4B-00C04F79EFBC}") = "Cortex.Text", "src\Cortex.Text\Cortex.Text.csproj", "{D41300A0-BBA1-4801-A44E-DF7D2AFF906B}"
EndProject
Project("{FAE04EC0-301F-11D3-BF4B-00C04F79EFBC}") = "Cortex.SafeTensors", "src\Cortex.SafeTensors\Cortex.SafeTensors.csproj", "{B39A5D01-463C-4969-ACB5-E32CF001EE08}"
EndProject
Project("{FAE04EC0-301F-11D3-BF4B-00C04F79EFBC}") = "Cortex.TimeSeries.Tests", "tests\Cortex.TimeSeries.Tests\Cortex.TimeSeries.Tests.csproj", "{E57A011C-49E2-4688-AFAB-C45ED182A115}"
EndProject
Project("{FAE04EC0-301F-11D3-BF4B-00C04F79EFBC}") = "Cortex.Text.Tests", "tests\Cortex.Text.Tests\Cortex.Text.Tests.csproj", "{ABADA19B-506A-4C54-8676-2287E5B0AC70}"
EndProject
Project("{FAE04EC0-301F-11D3-BF4B-00C04F79EFBC}") = "Cortex.SafeTensors.Tests", "tests\Cortex.SafeTensors.Tests\Cortex.SafeTensors.Tests.csproj", "{01DBB657-F92E-41F7-9AC3-46951DA0F237}"
EndProject
Project("{FAE04EC0-301F-11D3-BF4B-00C04F79EFBC}") = "Cortex.GPU", "src\Cortex.GPU\Cortex.GPU.csproj", "{05473C04-EF34-47C9-9168-9CC39A5AFC0F}"
EndProject
Project("{FAE04EC0-301F-11D3-BF4B-00C04F79EFBC}") = "Cortex.GPU.Tests", "tests\Cortex.GPU.Tests\Cortex.GPU.Tests.csproj", "{FBE51289-1391-4C43-8A63-29A7857AB6D1}"
EndProject
Global
	GlobalSection(SolutionConfigurationPlatforms) = preSolution
		Debug|Any CPU = Debug|Any CPU
		Debug|x64 = Debug|x64
		Debug|x86 = Debug|x86
		Release|Any CPU = Release|Any CPU
		Release|x64 = Release|x64
		Release|x86 = Release|x86
	EndGlobalSection
	GlobalSection(ProjectConfigurationPlatforms) = postSolution
		{D6A45584-7850-4D07-88D4-294E12B037F0}.Debug|Any CPU.ActiveCfg = Debug|Any CPU
		{D6A45584-7850-4D07-88D4-294E12B037F0}.Debug|Any CPU.Build.0 = Debug|Any CPU
		{D6A45584-7850-4D07-88D4-294E12B037F0}.Debug|x64.ActiveCfg = Debug|Any CPU
		{D6A45584-7850-4D07-88D4-294E12B037F0}.Debug|x64.Build.0 = Debug|Any CPU
		{D6A45584-7850-4D07-88D4-294E12B037F0}.Debug|x86.ActiveCfg = Debug|Any CPU
		{D6A45584-7850-4D07-88D4-294E12B037F0}.Debug|x86.Build.0 = Debug|Any CPU
		{D6A45584-7850-4D07-88D4-294E12B037F0}.Release|Any CPU.ActiveCfg = Release|Any CPU
		{D6A45584-7850-4D07-88D4-294E12B037F0}.Release|Any CPU.Build.0 = Release|Any CPU
		{D6A45584-7850-4D07-88D4-294E12B037F0}.Release|x64.ActiveCfg = Release|Any CPU
		{D6A45584-7850-4D07-88D4-294E12B037F0}.Release|x64.Build.0 = Release|Any CPU
		{D6A45584-7850-4D07-88D4-294E12B037F0}.Release|x86.ActiveCfg = Release|Any CPU
		{D6A45584-7850-4D07-88D4-294E12B037F0}.Release|x86.Build.0 = Release|Any CPU
		{EECEF18E-1138-4C8F-908B-3D3E5A5F9BAA}.Debug|Any CPU.ActiveCfg = Debug|Any CPU
		{EECEF18E-1138-4C8F-908B-3D3E5A5F9BAA}.Debug|Any CPU.Build.0 = Debug|Any CPU
		{EECEF18E-1138-4C8F-908B-3D3E5A5F9BAA}.Debug|x64.ActiveCfg = Debug|Any CPU
		{EECEF18E-1138-4C8F-908B-3D3E5A5F9BAA}.Debug|x64.Build.0 = Debug|Any CPU
		{EECEF18E-1138-4C8F-908B-3D3E5A5F9BAA}.Debug|x86.ActiveCfg = Debug|Any CPU
		{EECEF18E-1138-4C8F-908B-3D3E5A5F9BAA}.Debug|x86.Build.0 = Debug|Any CPU
		{EECEF18E-1138-4C8F-908B-3D3E5A5F9BAA}.Release|Any CPU.ActiveCfg = Release|Any CPU
		{EECEF18E-1138-4C8F-908B-3D3E5A5F9BAA}.Release|Any CPU.Build.0 = Release|Any CPU
		{EECEF18E-1138-4C8F-908B-3D3E5A5F9BAA}.Release|x64.ActiveCfg = Release|Any CPU
		{EECEF18E-1138-4C8F-908B-3D3E5A5F9BAA}.Release|x64.Build.0 = Release|Any CPU
		{EECEF18E-1138-4C8F-908B-3D3E5A5F9BAA}.Release|x86.ActiveCfg = Release|Any CPU
		{EECEF18E-1138-4C8F-908B-3D3E5A5F9BAA}.Release|x86.Build.0 = Release|Any CPU
		{B4FDF83D-8BA9-4506-82D5-A82AE0A0B1E9}.Debug|Any CPU.ActiveCfg = Debug|Any CPU
		{B4FDF83D-8BA9-4506-82D5-A82AE0A0B1E9}.Debug|Any CPU.Build.0 = Debug|Any CPU
		{B4FDF83D-8BA9-4506-82D5-A82AE0A0B1E9}.Debug|x64.ActiveCfg = Debug|Any CPU
		{B4FDF83D-8BA9-4506-82D5-A82AE0A0B1E9}.Debug|x64.Build.0 = Debug|Any CPU
		{B4FDF83D-8BA9-4506-82D5-A82AE0A0B1E9}.Debug|x86.ActiveCfg = Debug|Any CPU
		{B4FDF83D-8BA9-4506-82D5-A82AE0A0B1E9}.Debug|x86.Build.0 = Debug|Any CPU
		{B4FDF83D-8BA9-4506-82D5-A82AE0A0B1E9}.Release|Any CPU.ActiveCfg = Release|Any CPU
		{B4FDF83D-8BA9-4506-82D5-A82AE0A0B1E9}.Release|Any CPU.Build.0 = Release|Any CPU
		{B4FDF83D-8BA9-4506-82D5-A82AE0A0B1E9}.Release|x64.ActiveCfg = Release|Any CPU
		{B4FDF83D-8BA9-4506-82D5-A82AE0A0B1E9}.Release|x64.Build.0 = Release|Any CPU
		{B4FDF83D-8BA9-4506-82D5-A82AE0A0B1E9}.Release|x86.ActiveCfg = Release|Any CPU
		{B4FDF83D-8BA9-4506-82D5-A82AE0A0B1E9}.Release|x86.Build.0 = Release|Any CPU
		{20DFFF18-95B7-419E-B03B-BF8CD43B8675}.Debug|Any CPU.ActiveCfg = Debug|Any CPU
		{20DFFF18-95B7-419E-B03B-BF8CD43B8675}.Debug|Any CPU.Build.0 = Debug|Any CPU
		{20DFFF18-95B7-419E-B03B-BF8CD43B8675}.Debug|x64.ActiveCfg = Debug|Any CPU
		{20DFFF18-95B7-419E-B03B-BF8CD43B8675}.Debug|x64.Build.0 = Debug|Any CPU
		{20DFFF18-95B7-419E-B03B-BF8CD43B8675}.Debug|x86.ActiveCfg = Debug|Any CPU
		{20DFFF18-95B7-419E-B03B-BF8CD43B8675}.Debug|x86.Build.0 = Debug|Any CPU
		{20DFFF18-95B7-419E-B03B-BF8CD43B8675}.Release|Any CPU.ActiveCfg = Release|Any CPU
		{20DFFF18-95B7-419E-B03B-BF8CD43B8675}.Release|Any CPU.Build.0 = Release|Any CPU
		{20DFFF18-95B7-419E-B03B-BF8CD43B8675}.Release|x64.ActiveCfg = Release|Any CPU
		{20DFFF18-95B7-419E-B03B-BF8CD43B8675}.Release|x64.Build.0 = Release|Any CPU
		{20DFFF18-95B7-419E-B03B-BF8CD43B8675}.Release|x86.ActiveCfg = Release|Any CPU
		{20DFFF18-95B7-419E-B03B-BF8CD43B8675}.Release|x86.Build.0 = Release|Any CPU
		{61716742-BA2A-4635-8A8B-3671DFB48E57}.Debug|Any CPU.ActiveCfg = Debug|Any CPU
		{61716742-BA2A-4635-8A8B-3671DFB48E57}.Debug|Any CPU.Build.0 = Debug|Any CPU
		{61716742-BA2A-4635-8A8B-3671DFB48E57}.Debug|x64.ActiveCfg = Debug|Any CPU
		{61716742-BA2A-4635-8A8B-3671DFB48E57}.Debug|x64.Build.0 = Debug|Any CPU
		{61716742-BA2A-4635-8A8B-3671DFB48E57}.Debug|x86.ActiveCfg = Debug|Any CPU
		{61716742-BA2A-4635-8A8B-3671DFB48E57}.Debug|x86.Build.0 = Debug|Any CPU
		{61716742-BA2A-4635-8A8B-3671DFB48E57}.Release|Any CPU.ActiveCfg = Release|Any CPU
		{61716742-BA2A-4635-8A8B-3671DFB48E57}.Release|Any CPU.Build.0 = Release|Any CPU
		{61716742-BA2A-4635-8A8B-3671DFB48E57}.Release|x64.ActiveCfg = Release|Any CPU
		{61716742-BA2A-4635-8A8B-3671DFB48E57}.Release|x64.Build.0 = Release|Any CPU
		{61716742-BA2A-4635-8A8B-3671DFB48E57}.Release|x86.ActiveCfg = Release|Any CPU
		{61716742-BA2A-4635-8A8B-3671DFB48E57}.Release|x86.Build.0 = Release|Any CPU
		{6C6A095A-A7C5-4D5E-9283-0E150987A8C3}.Debug|Any CPU.ActiveCfg = Debug|Any CPU
		{6C6A095A-A7C5-4D5E-9283-0E150987A8C3}.Debug|Any CPU.Build.0 = Debug|Any CPU
		{6C6A095A-A7C5-4D5E-9283-0E150987A8C3}.Debug|x64.ActiveCfg = Debug|Any CPU
		{6C6A095A-A7C5-4D5E-9283-0E150987A8C3}.Debug|x64.Build.0 = Debug|Any CPU
		{6C6A095A-A7C5-4D5E-9283-0E150987A8C3}.Debug|x86.ActiveCfg = Debug|Any CPU
		{6C6A095A-A7C5-4D5E-9283-0E150987A8C3}.Debug|x86.Build.0 = Debug|Any CPU
		{6C6A095A-A7C5-4D5E-9283-0E150987A8C3}.Release|Any CPU.ActiveCfg = Release|Any CPU
		{6C6A095A-A7C5-4D5E-9283-0E150987A8C3}.Release|Any CPU.Build.0 = Release|Any CPU
		{6C6A095A-A7C5-4D5E-9283-0E150987A8C3}.Release|x64.ActiveCfg = Release|Any CPU
		{6C6A095A-A7C5-4D5E-9283-0E150987A8C3}.Release|x64.Build.0 = Release|Any CPU
		{6C6A095A-A7C5-4D5E-9283-0E150987A8C3}.Release|x86.ActiveCfg = Release|Any CPU
		{6C6A095A-A7C5-4D5E-9283-0E150987A8C3}.Release|x86.Build.0 = Release|Any CPU
		{DE52E499-3A82-4921-8C13-B0D5F3F2B009}.Debug|Any CPU.ActiveCfg = Debug|Any CPU
		{DE52E499-3A82-4921-8C13-B0D5F3F2B009}.Debug|Any CPU.Build.0 = Debug|Any CPU
		{DE52E499-3A82-4921-8C13-B0D5F3F2B009}.Debug|x64.ActiveCfg = Debug|Any CPU
		{DE52E499-3A82-4921-8C13-B0D5F3F2B009}.Debug|x64.Build.0 = Debug|Any CPU
		{DE52E499-3A82-4921-8C13-B0D5F3F2B009}.Debug|x86.ActiveCfg = Debug|Any CPU
		{DE52E499-3A82-4921-8C13-B0D5F3F2B009}.Debug|x86.Build.0 = Debug|Any CPU
		{DE52E499-3A82-4921-8C13-B0D5F3F2B009}.Release|Any CPU.ActiveCfg = Release|Any CPU
		{DE52E499-3A82-4921-8C13-B0D5F3F2B009}.Release|Any CPU.Build.0 = Release|Any CPU
		{DE52E499-3A82-4921-8C13-B0D5F3F2B009}.Release|x64.ActiveCfg = Release|Any CPU
		{DE52E499-3A82-4921-8C13-B0D5F3F2B009}.Release|x64.Build.0 = Release|Any CPU
		{DE52E499-3A82-4921-8C13-B0D5F3F2B009}.Release|x86.ActiveCfg = Release|Any CPU
		{DE52E499-3A82-4921-8C13-B0D5F3F2B009}.Release|x86.Build.0 = Release|Any CPU
		{20FD04BC-3113-4CC2-85B8-5C44E72E9A30}.Debug|Any CPU.ActiveCfg = Debug|Any CPU
		{20FD04BC-3113-4CC2-85B8-5C44E72E9A30}.Debug|Any CPU.Build.0 = Debug|Any CPU
		{20FD04BC-3113-4CC2-85B8-5C44E72E9A30}.Debug|x64.ActiveCfg = Debug|Any CPU
		{20FD04BC-3113-4CC2-85B8-5C44E72E9A30}.Debug|x64.Build.0 = Debug|Any CPU
		{20FD04BC-3113-4CC2-85B8-5C44E72E9A30}.Debug|x86.ActiveCfg = Debug|Any CPU
		{20FD04BC-3113-4CC2-85B8-5C44E72E9A30}.Debug|x86.Build.0 = Debug|Any CPU
		{20FD04BC-3113-4CC2-85B8-5C44E72E9A30}.Release|Any CPU.ActiveCfg = Release|Any CPU
		{20FD04BC-3113-4CC2-85B8-5C44E72E9A30}.Release|Any CPU.Build.0 = Release|Any CPU
		{20FD04BC-3113-4CC2-85B8-5C44E72E9A30}.Release|x64.ActiveCfg = Release|Any CPU
		{20FD04BC-3113-4CC2-85B8-5C44E72E9A30}.Release|x64.Build.0 = Release|Any CPU
		{20FD04BC-3113-4CC2-85B8-5C44E72E9A30}.Release|x86.ActiveCfg = Release|Any CPU
		{20FD04BC-3113-4CC2-85B8-5C44E72E9A30}.Release|x86.Build.0 = Release|Any CPU
		{EAFD665B-DF94-49FF-B1C0-5D186D6DE3FF}.Debug|Any CPU.ActiveCfg = Debug|Any CPU
		{EAFD665B-DF94-49FF-B1C0-5D186D6DE3FF}.Debug|Any CPU.Build.0 = Debug|Any CPU
		{EAFD665B-DF94-49FF-B1C0-5D186D6DE3FF}.Debug|x64.ActiveCfg = Debug|Any CPU
		{EAFD665B-DF94-49FF-B1C0-5D186D6DE3FF}.Debug|x64.Build.0 = Debug|Any CPU
		{EAFD665B-DF94-49FF-B1C0-5D186D6DE3FF}.Debug|x86.ActiveCfg = Debug|Any CPU
		{EAFD665B-DF94-49FF-B1C0-5D186D6DE3FF}.Debug|x86.Build.0 = Debug|Any CPU
		{EAFD665B-DF94-49FF-B1C0-5D186D6DE3FF}.Release|Any CPU.ActiveCfg = Release|Any CPU
		{EAFD665B-DF94-49FF-B1C0-5D186D6DE3FF}.Release|Any CPU.Build.0 = Release|Any CPU
		{EAFD665B-DF94-49FF-B1C0-5D186D6DE3FF}.Release|x64.ActiveCfg = Release|Any CPU
		{EAFD665B-DF94-49FF-B1C0-5D186D6DE3FF}.Release|x64.Build.0 = Release|Any CPU
		{EAFD665B-DF94-49FF-B1C0-5D186D6DE3FF}.Release|x86.ActiveCfg = Release|Any CPU
		{EAFD665B-DF94-49FF-B1C0-5D186D6DE3FF}.Release|x86.Build.0 = Release|Any CPU
		{82B62BC7-1530-4288-9DF2-9CC1B8C76703}.Debug|Any CPU.ActiveCfg = Debug|Any CPU
		{82B62BC7-1530-4288-9DF2-9CC1B8C76703}.Debug|Any CPU.Build.0 = Debug|Any CPU
		{82B62BC7-1530-4288-9DF2-9CC1B8C76703}.Debug|x64.ActiveCfg = Debug|Any CPU
		{82B62BC7-1530-4288-9DF2-9CC1B8C76703}.Debug|x64.Build.0 = Debug|Any CPU
		{82B62BC7-1530-4288-9DF2-9CC1B8C76703}.Debug|x86.ActiveCfg = Debug|Any CPU
		{82B62BC7-1530-4288-9DF2-9CC1B8C76703}.Debug|x86.Build.0 = Debug|Any CPU
		{82B62BC7-1530-4288-9DF2-9CC1B8C76703}.Release|Any CPU.ActiveCfg = Release|Any CPU
		{82B62BC7-1530-4288-9DF2-9CC1B8C76703}.Release|Any CPU.Build.0 = Release|Any CPU
		{82B62BC7-1530-4288-9DF2-9CC1B8C76703}.Release|x64.ActiveCfg = Release|Any CPU
		{82B62BC7-1530-4288-9DF2-9CC1B8C76703}.Release|x64.Build.0 = Release|Any CPU
		{82B62BC7-1530-4288-9DF2-9CC1B8C76703}.Release|x86.ActiveCfg = Release|Any CPU
		{82B62BC7-1530-4288-9DF2-9CC1B8C76703}.Release|x86.Build.0 = Release|Any CPU
		{8338728B-7C9A-48EA-8D9B-AAC7A5186270}.Debug|Any CPU.ActiveCfg = Debug|Any CPU
		{8338728B-7C9A-48EA-8D9B-AAC7A5186270}.Debug|Any CPU.Build.0 = Debug|Any CPU
		{8338728B-7C9A-48EA-8D9B-AAC7A5186270}.Debug|x64.ActiveCfg = Debug|Any CPU
		{8338728B-7C9A-48EA-8D9B-AAC7A5186270}.Debug|x64.Build.0 = Debug|Any CPU
		{8338728B-7C9A-48EA-8D9B-AAC7A5186270}.Debug|x86.ActiveCfg = Debug|Any CPU
		{8338728B-7C9A-48EA-8D9B-AAC7A5186270}.Debug|x86.Build.0 = Debug|Any CPU
		{8338728B-7C9A-48EA-8D9B-AAC7A5186270}.Release|Any CPU.ActiveCfg = Release|Any CPU
		{8338728B-7C9A-48EA-8D9B-AAC7A5186270}.Release|Any CPU.Build.0 = Release|Any CPU
		{8338728B-7C9A-48EA-8D9B-AAC7A5186270}.Release|x64.ActiveCfg = Release|Any CPU
		{8338728B-7C9A-48EA-8D9B-AAC7A5186270}.Release|x64.Build.0 = Release|Any CPU
		{8338728B-7C9A-48EA-8D9B-AAC7A5186270}.Release|x86.ActiveCfg = Release|Any CPU
		{8338728B-7C9A-48EA-8D9B-AAC7A5186270}.Release|x86.Build.0 = Release|Any CPU
		{861F228E-8093-4456-B7A6-953C357C2D0A}.Debug|Any CPU.ActiveCfg = Debug|Any CPU
		{861F228E-8093-4456-B7A6-953C357C2D0A}.Debug|Any CPU.Build.0 = Debug|Any CPU
		{861F228E-8093-4456-B7A6-953C357C2D0A}.Debug|x64.ActiveCfg = Debug|Any CPU
		{861F228E-8093-4456-B7A6-953C357C2D0A}.Debug|x64.Build.0 = Debug|Any CPU
		{861F228E-8093-4456-B7A6-953C357C2D0A}.Debug|x86.ActiveCfg = Debug|Any CPU
		{861F228E-8093-4456-B7A6-953C357C2D0A}.Debug|x86.Build.0 = Debug|Any CPU
		{861F228E-8093-4456-B7A6-953C357C2D0A}.Release|Any CPU.ActiveCfg = Release|Any CPU
		{861F228E-8093-4456-B7A6-953C357C2D0A}.Release|Any CPU.Build.0 = Release|Any CPU
		{861F228E-8093-4456-B7A6-953C357C2D0A}.Release|x64.ActiveCfg = Release|Any CPU
		{861F228E-8093-4456-B7A6-953C357C2D0A}.Release|x64.Build.0 = Release|Any CPU
		{861F228E-8093-4456-B7A6-953C357C2D0A}.Release|x86.ActiveCfg = Release|Any CPU
		{861F228E-8093-4456-B7A6-953C357C2D0A}.Release|x86.Build.0 = Release|Any CPU
		{17E2E8D3-94AF-4E0C-B91E-E63217BB937D}.Debug|Any CPU.ActiveCfg = Debug|Any CPU
		{17E2E8D3-94AF-4E0C-B91E-E63217BB937D}.Debug|Any CPU.Build.0 = Debug|Any CPU
		{17E2E8D3-94AF-4E0C-B91E-E63217BB937D}.Debug|x64.ActiveCfg = Debug|Any CPU
		{17E2E8D3-94AF-4E0C-B91E-E63217BB937D}.Debug|x64.Build.0 = Debug|Any CPU
		{17E2E8D3-94AF-4E0C-B91E-E63217BB937D}.Debug|x86.ActiveCfg = Debug|Any CPU
		{17E2E8D3-94AF-4E0C-B91E-E63217BB937D}.Debug|x86.Build.0 = Debug|Any CPU
		{17E2E8D3-94AF-4E0C-B91E-E63217BB937D}.Release|Any CPU.ActiveCfg = Release|Any CPU
		{17E2E8D3-94AF-4E0C-B91E-E63217BB937D}.Release|Any CPU.Build.0 = Release|Any CPU
		{17E2E8D3-94AF-4E0C-B91E-E63217BB937D}.Release|x64.ActiveCfg = Release|Any CPU
		{17E2E8D3-94AF-4E0C-B91E-E63217BB937D}.Release|x64.Build.0 = Release|Any CPU
		{17E2E8D3-94AF-4E0C-B91E-E63217BB937D}.Release|x86.ActiveCfg = Release|Any CPU
		{17E2E8D3-94AF-4E0C-B91E-E63217BB937D}.Release|x86.Build.0 = Release|Any CPU
		{10EF3B17-07B8-4B2A-9508-085B33217DCD}.Debug|Any CPU.ActiveCfg = Debug|Any CPU
		{10EF3B17-07B8-4B2A-9508-085B33217DCD}.Debug|Any CPU.Build.0 = Debug|Any CPU
		{10EF3B17-07B8-4B2A-9508-085B33217DCD}.Debug|x64.ActiveCfg = Debug|Any CPU
		{10EF3B17-07B8-4B2A-9508-085B33217DCD}.Debug|x64.Build.0 = Debug|Any CPU
		{10EF3B17-07B8-4B2A-9508-085B33217DCD}.Debug|x86.ActiveCfg = Debug|Any CPU
		{10EF3B17-07B8-4B2A-9508-085B33217DCD}.Debug|x86.Build.0 = Debug|Any CPU
		{10EF3B17-07B8-4B2A-9508-085B33217DCD}.Release|Any CPU.ActiveCfg = Release|Any CPU
		{10EF3B17-07B8-4B2A-9508-085B33217DCD}.Release|Any CPU.Build.0 = Release|Any CPU
		{10EF3B17-07B8-4B2A-9508-085B33217DCD}.Release|x64.ActiveCfg = Release|Any CPU
		{10EF3B17-07B8-4B2A-9508-085B33217DCD}.Release|x64.Build.0 = Release|Any CPU
		{10EF3B17-07B8-4B2A-9508-085B33217DCD}.Release|x86.ActiveCfg = Release|Any CPU
		{10EF3B17-07B8-4B2A-9508-085B33217DCD}.Release|x86.Build.0 = Release|Any CPU
		{B1EA2E4A-E868-45B5-840F-354A580ACB23}.Debug|Any CPU.ActiveCfg = Debug|Any CPU
		{B1EA2E4A-E868-45B5-840F-354A580ACB23}.Debug|Any CPU.Build.0 = Debug|Any CPU
		{B1EA2E4A-E868-45B5-840F-354A580ACB23}.Debug|x64.ActiveCfg = Debug|Any CPU
		{B1EA2E4A-E868-45B5-840F-354A580ACB23}.Debug|x64.Build.0 = Debug|Any CPU
		{B1EA2E4A-E868-45B5-840F-354A580ACB23}.Debug|x86.ActiveCfg = Debug|Any CPU
		{B1EA2E4A-E868-45B5-840F-354A580ACB23}.Debug|x86.Build.0 = Debug|Any CPU
		{B1EA2E4A-E868-45B5-840F-354A580ACB23}.Release|Any CPU.ActiveCfg = Release|Any CPU
		{B1EA2E4A-E868-45B5-840F-354A580ACB23}.Release|Any CPU.Build.0 = Release|Any CPU
		{B1EA2E4A-E868-45B5-840F-354A580ACB23}.Release|x64.ActiveCfg = Release|Any CPU
		{B1EA2E4A-E868-45B5-840F-354A580ACB23}.Release|x64.Build.0 = Release|Any CPU
		{B1EA2E4A-E868-45B5-840F-354A580ACB23}.Release|x86.ActiveCfg = Release|Any CPU
		{B1EA2E4A-E868-45B5-840F-354A580ACB23}.Release|x86.Build.0 = Release|Any CPU
		{25D4A7FD-6D69-4FC7-BDC0-C8DE3E964C69}.Debug|Any CPU.ActiveCfg = Debug|Any CPU
		{25D4A7FD-6D69-4FC7-BDC0-C8DE3E964C69}.Debug|Any CPU.Build.0 = Debug|Any CPU
		{25D4A7FD-6D69-4FC7-BDC0-C8DE3E964C69}.Debug|x64.ActiveCfg = Debug|Any CPU
		{25D4A7FD-6D69-4FC7-BDC0-C8DE3E964C69}.Debug|x64.Build.0 = Debug|Any CPU
		{25D4A7FD-6D69-4FC7-BDC0-C8DE3E964C69}.Debug|x86.ActiveCfg = Debug|Any CPU
		{25D4A7FD-6D69-4FC7-BDC0-C8DE3E964C69}.Debug|x86.Build.0 = Debug|Any CPU
		{25D4A7FD-6D69-4FC7-BDC0-C8DE3E964C69}.Release|Any CPU.ActiveCfg = Release|Any CPU
		{25D4A7FD-6D69-4FC7-BDC0-C8DE3E964C69}.Release|Any CPU.Build.0 = Release|Any CPU
		{25D4A7FD-6D69-4FC7-BDC0-C8DE3E964C69}.Release|x64.ActiveCfg = Release|Any CPU
		{25D4A7FD-6D69-4FC7-BDC0-C8DE3E964C69}.Release|x64.Build.0 = Release|Any CPU
		{25D4A7FD-6D69-4FC7-BDC0-C8DE3E964C69}.Release|x86.ActiveCfg = Release|Any CPU
		{25D4A7FD-6D69-4FC7-BDC0-C8DE3E964C69}.Release|x86.Build.0 = Release|Any CPU
		{A20B1E9C-7349-4522-8F72-1F757F4807D7}.Debug|Any CPU.ActiveCfg = Debug|Any CPU
		{A20B1E9C-7349-4522-8F72-1F757F4807D7}.Debug|Any CPU.Build.0 = Debug|Any CPU
		{A20B1E9C-7349-4522-8F72-1F757F4807D7}.Debug|x64.ActiveCfg = Debug|Any CPU
		{A20B1E9C-7349-4522-8F72-1F757F4807D7}.Debug|x64.Build.0 = Debug|Any CPU
		{A20B1E9C-7349-4522-8F72-1F757F4807D7}.Debug|x86.ActiveCfg = Debug|Any CPU
		{A20B1E9C-7349-4522-8F72-1F757F4807D7}.Debug|x86.Build.0 = Debug|Any CPU
		{A20B1E9C-7349-4522-8F72-1F757F4807D7}.Release|Any CPU.ActiveCfg = Release|Any CPU
		{A20B1E9C-7349-4522-8F72-1F757F4807D7}.Release|Any CPU.Build.0 = Release|Any CPU
		{A20B1E9C-7349-4522-8F72-1F757F4807D7}.Release|x64.ActiveCfg = Release|Any CPU
		{A20B1E9C-7349-4522-8F72-1F757F4807D7}.Release|x64.Build.0 = Release|Any CPU
		{A20B1E9C-7349-4522-8F72-1F757F4807D7}.Release|x86.ActiveCfg = Release|Any CPU
		{A20B1E9C-7349-4522-8F72-1F757F4807D7}.Release|x86.Build.0 = Release|Any CPU
		{B8242B45-F308-437A-9E5F-CDBAC972FFA0}.Debug|Any CPU.ActiveCfg = Debug|Any CPU
		{B8242B45-F308-437A-9E5F-CDBAC972FFA0}.Debug|Any CPU.Build.0 = Debug|Any CPU
		{B8242B45-F308-437A-9E5F-CDBAC972FFA0}.Debug|x64.ActiveCfg = Debug|Any CPU
		{B8242B45-F308-437A-9E5F-CDBAC972FFA0}.Debug|x64.Build.0 = Debug|Any CPU
		{B8242B45-F308-437A-9E5F-CDBAC972FFA0}.Debug|x86.ActiveCfg = Debug|Any CPU
		{B8242B45-F308-437A-9E5F-CDBAC972FFA0}.Debug|x86.Build.0 = Debug|Any CPU
		{B8242B45-F308-437A-9E5F-CDBAC972FFA0}.Release|Any CPU.ActiveCfg = Release|Any CPU
		{B8242B45-F308-437A-9E5F-CDBAC972FFA0}.Release|Any CPU.Build.0 = Release|Any CPU
		{B8242B45-F308-437A-9E5F-CDBAC972FFA0}.Release|x64.ActiveCfg = Release|Any CPU
		{B8242B45-F308-437A-9E5F-CDBAC972FFA0}.Release|x64.Build.0 = Release|Any CPU
		{B8242B45-F308-437A-9E5F-CDBAC972FFA0}.Release|x86.ActiveCfg = Release|Any CPU
		{B8242B45-F308-437A-9E5F-CDBAC972FFA0}.Release|x86.Build.0 = Release|Any CPU
		{CC9575CA-B9DD-4D2E-A0A0-5AE6BCBEFDFE}.Debug|Any CPU.ActiveCfg = Debug|Any CPU
		{CC9575CA-B9DD-4D2E-A0A0-5AE6BCBEFDFE}.Debug|Any CPU.Build.0 = Debug|Any CPU
		{CC9575CA-B9DD-4D2E-A0A0-5AE6BCBEFDFE}.Debug|x64.ActiveCfg = Debug|Any CPU
		{CC9575CA-B9DD-4D2E-A0A0-5AE6BCBEFDFE}.Debug|x64.Build.0 = Debug|Any CPU
		{CC9575CA-B9DD-4D2E-A0A0-5AE6BCBEFDFE}.Debug|x86.ActiveCfg = Debug|Any CPU
		{CC9575CA-B9DD-4D2E-A0A0-5AE6BCBEFDFE}.Debug|x86.Build.0 = Debug|Any CPU
		{CC9575CA-B9DD-4D2E-A0A0-5AE6BCBEFDFE}.Release|Any CPU.ActiveCfg = Release|Any CPU
		{CC9575CA-B9DD-4D2E-A0A0-5AE6BCBEFDFE}.Release|Any CPU.Build.0 = Release|Any CPU
		{CC9575CA-B9DD-4D2E-A0A0-5AE6BCBEFDFE}.Release|x64.ActiveCfg = Release|Any CPU
		{CC9575CA-B9DD-4D2E-A0A0-5AE6BCBEFDFE}.Release|x64.Build.0 = Release|Any CPU
		{CC9575CA-B9DD-4D2E-A0A0-5AE6BCBEFDFE}.Release|x86.ActiveCfg = Release|Any CPU
		{CC9575CA-B9DD-4D2E-A0A0-5AE6BCBEFDFE}.Release|x86.Build.0 = Release|Any CPU
		{A245417B-AF24-4D89-BA54-D60C791A52A5}.Debug|Any CPU.ActiveCfg = Debug|Any CPU
		{A245417B-AF24-4D89-BA54-D60C791A52A5}.Debug|Any CPU.Build.0 = Debug|Any CPU
		{A245417B-AF24-4D89-BA54-D60C791A52A5}.Debug|x64.ActiveCfg = Debug|Any CPU
		{A245417B-AF24-4D89-BA54-D60C791A52A5}.Debug|x64.Build.0 = Debug|Any CPU
		{A245417B-AF24-4D89-BA54-D60C791A52A5}.Debug|x86.ActiveCfg = Debug|Any CPU
		{A245417B-AF24-4D89-BA54-D60C791A52A5}.Debug|x86.Build.0 = Debug|Any CPU
		{A245417B-AF24-4D89-BA54-D60C791A52A5}.Release|Any CPU.ActiveCfg = Release|Any CPU
		{A245417B-AF24-4D89-BA54-D60C791A52A5}.Release|Any CPU.Build.0 = Release|Any CPU
		{A245417B-AF24-4D89-BA54-D60C791A52A5}.Release|x64.ActiveCfg = Release|Any CPU
		{A245417B-AF24-4D89-BA54-D60C791A52A5}.Release|x64.Build.0 = Release|Any CPU
		{A245417B-AF24-4D89-BA54-D60C791A52A5}.Release|x86.ActiveCfg = Release|Any CPU
		{A245417B-AF24-4D89-BA54-D60C791A52A5}.Release|x86.Build.0 = Release|Any CPU
		{F9C7906B-B79F-4C24-AC73-A6E9A20744EF}.Debug|Any CPU.ActiveCfg = Debug|Any CPU
		{F9C7906B-B79F-4C24-AC73-A6E9A20744EF}.Debug|Any CPU.Build.0 = Debug|Any CPU
		{F9C7906B-B79F-4C24-AC73-A6E9A20744EF}.Debug|x64.ActiveCfg = Debug|Any CPU
		{F9C7906B-B79F-4C24-AC73-A6E9A20744EF}.Debug|x64.Build.0 = Debug|Any CPU
		{F9C7906B-B79F-4C24-AC73-A6E9A20744EF}.Debug|x86.ActiveCfg = Debug|Any CPU
		{F9C7906B-B79F-4C24-AC73-A6E9A20744EF}.Debug|x86.Build.0 = Debug|Any CPU
		{F9C7906B-B79F-4C24-AC73-A6E9A20744EF}.Release|Any CPU.ActiveCfg = Release|Any CPU
		{F9C7906B-B79F-4C24-AC73-A6E9A20744EF}.Release|Any CPU.Build.0 = Release|Any CPU
		{F9C7906B-B79F-4C24-AC73-A6E9A20744EF}.Release|x64.ActiveCfg = Release|Any CPU
		{F9C7906B-B79F-4C24-AC73-A6E9A20744EF}.Release|x64.Build.0 = Release|Any CPU
		{F9C7906B-B79F-4C24-AC73-A6E9A20744EF}.Release|x86.ActiveCfg = Release|Any CPU
		{F9C7906B-B79F-4C24-AC73-A6E9A20744EF}.Release|x86.Build.0 = Release|Any CPU
		{1D7683F8-F2DD-4A1D-B308-FD8A8A767F58}.Debug|Any CPU.ActiveCfg = Debug|Any CPU
		{1D7683F8-F2DD-4A1D-B308-FD8A8A767F58}.Debug|Any CPU.Build.0 = Debug|Any CPU
		{1D7683F8-F2DD-4A1D-B308-FD8A8A767F58}.Debug|x64.ActiveCfg = Debug|Any CPU
		{1D7683F8-F2DD-4A1D-B308-FD8A8A767F58}.Debug|x64.Build.0 = Debug|Any CPU
		{1D7683F8-F2DD-4A1D-B308-FD8A8A767F58}.Debug|x86.ActiveCfg = Debug|Any CPU
		{1D7683F8-F2DD-4A1D-B308-FD8A8A767F58}.Debug|x86.Build.0 = Debug|Any CPU
		{1D7683F8-F2DD-4A1D-B308-FD8A8A767F58}.Release|Any CPU.ActiveCfg = Release|Any CPU
		{1D7683F8-F2DD-4A1D-B308-FD8A8A767F58}.Release|Any CPU.Build.0 = Release|Any CPU
		{1D7683F8-F2DD-4A1D-B308-FD8A8A767F58}.Release|x64.ActiveCfg = Release|Any CPU
		{1D7683F8-F2DD-4A1D-B308-FD8A8A767F58}.Release|x64.Build.0 = Release|Any CPU
		{1D7683F8-F2DD-4A1D-B308-FD8A8A767F58}.Release|x86.ActiveCfg = Release|Any CPU
		{1D7683F8-F2DD-4A1D-B308-FD8A8A767F58}.Release|x86.Build.0 = Release|Any CPU
		{30F777F4-D4B9-436B-A5B1-71D357D47CDC}.Debug|Any CPU.ActiveCfg = Debug|Any CPU
		{30F777F4-D4B9-436B-A5B1-71D357D47CDC}.Debug|Any CPU.Build.0 = Debug|Any CPU
		{30F777F4-D4B9-436B-A5B1-71D357D47CDC}.Debug|x64.ActiveCfg = Debug|Any CPU
		{30F777F4-D4B9-436B-A5B1-71D357D47CDC}.Debug|x64.Build.0 = Debug|Any CPU
		{30F777F4-D4B9-436B-A5B1-71D357D47CDC}.Debug|x86.ActiveCfg = Debug|Any CPU
		{30F777F4-D4B9-436B-A5B1-71D357D47CDC}.Debug|x86.Build.0 = Debug|Any CPU
		{30F777F4-D4B9-436B-A5B1-71D357D47CDC}.Release|Any CPU.ActiveCfg = Release|Any CPU
		{30F777F4-D4B9-436B-A5B1-71D357D47CDC}.Release|Any CPU.Build.0 = Release|Any CPU
		{30F777F4-D4B9-436B-A5B1-71D357D47CDC}.Release|x64.ActiveCfg = Release|Any CPU
		{30F777F4-D4B9-436B-A5B1-71D357D47CDC}.Release|x64.Build.0 = Release|Any CPU
		{30F777F4-D4B9-436B-A5B1-71D357D47CDC}.Release|x86.ActiveCfg = Release|Any CPU
		{30F777F4-D4B9-436B-A5B1-71D357D47CDC}.Release|x86.Build.0 = Release|Any CPU
		{FF315AFC-3CDC-4115-9E6F-F9AC1C5A9C07}.Debug|Any CPU.ActiveCfg = Debug|Any CPU
		{FF315AFC-3CDC-4115-9E6F-F9AC1C5A9C07}.Debug|Any CPU.Build.0 = Debug|Any CPU
		{FF315AFC-3CDC-4115-9E6F-F9AC1C5A9C07}.Debug|x64.ActiveCfg = Debug|Any CPU
		{FF315AFC-3CDC-4115-9E6F-F9AC1C5A9C07}.Debug|x64.Build.0 = Debug|Any CPU
		{FF315AFC-3CDC-4115-9E6F-F9AC1C5A9C07}.Debug|x86.ActiveCfg = Debug|Any CPU
		{FF315AFC-3CDC-4115-9E6F-F9AC1C5A9C07}.Debug|x86.Build.0 = Debug|Any CPU
		{FF315AFC-3CDC-4115-9E6F-F9AC1C5A9C07}.Release|Any CPU.ActiveCfg = Release|Any CPU
		{FF315AFC-3CDC-4115-9E6F-F9AC1C5A9C07}.Release|Any CPU.Build.0 = Release|Any CPU
		{FF315AFC-3CDC-4115-9E6F-F9AC1C5A9C07}.Release|x64.ActiveCfg = Release|Any CPU
		{FF315AFC-3CDC-4115-9E6F-F9AC1C5A9C07}.Release|x64.Build.0 = Release|Any CPU
		{FF315AFC-3CDC-4115-9E6F-F9AC1C5A9C07}.Release|x86.ActiveCfg = Release|Any CPU
		{FF315AFC-3CDC-4115-9E6F-F9AC1C5A9C07}.Release|x86.Build.0 = Release|Any CPU
		{9F67DF78-C6B7-4385-AC70-AB9B37D98BF2}.Debug|Any CPU.ActiveCfg = Debug|Any CPU
		{9F67DF78-C6B7-4385-AC70-AB9B37D98BF2}.Debug|Any CPU.Build.0 = Debug|Any CPU
		{9F67DF78-C6B7-4385-AC70-AB9B37D98BF2}.Debug|x64.ActiveCfg = Debug|Any CPU
		{9F67DF78-C6B7-4385-AC70-AB9B37D98BF2}.Debug|x64.Build.0 = Debug|Any CPU
		{9F67DF78-C6B7-4385-AC70-AB9B37D98BF2}.Debug|x86.ActiveCfg = Debug|Any CPU
		{9F67DF78-C6B7-4385-AC70-AB9B37D98BF2}.Debug|x86.Build.0 = Debug|Any CPU
		{9F67DF78-C6B7-4385-AC70-AB9B37D98BF2}.Release|Any CPU.ActiveCfg = Release|Any CPU
		{9F67DF78-C6B7-4385-AC70-AB9B37D98BF2}.Release|Any CPU.Build.0 = Release|Any CPU
		{9F67DF78-C6B7-4385-AC70-AB9B37D98BF2}.Release|x64.ActiveCfg = Release|Any CPU
		{9F67DF78-C6B7-4385-AC70-AB9B37D98BF2}.Release|x64.Build.0 = Release|Any CPU
		{9F67DF78-C6B7-4385-AC70-AB9B37D98BF2}.Release|x86.ActiveCfg = Release|Any CPU
		{9F67DF78-C6B7-4385-AC70-AB9B37D98BF2}.Release|x86.Build.0 = Release|Any CPU
		{E7BEA506-5BC8-4F3B-A92B-6028BCD9F036}.Debug|Any CPU.ActiveCfg = Debug|Any CPU
		{E7BEA506-5BC8-4F3B-A92B-6028BCD9F036}.Debug|Any CPU.Build.0 = Debug|Any CPU
		{E7BEA506-5BC8-4F3B-A92B-6028BCD9F036}.Debug|x64.ActiveCfg = Debug|Any CPU
		{E7BEA506-5BC8-4F3B-A92B-6028BCD9F036}.Debug|x64.Build.0 = Debug|Any CPU
		{E7BEA506-5BC8-4F3B-A92B-6028BCD9F036}.Debug|x86.ActiveCfg = Debug|Any CPU
		{E7BEA506-5BC8-4F3B-A92B-6028BCD9F036}.Debug|x86.Build.0 = Debug|Any CPU
		{E7BEA506-5BC8-4F3B-A92B-6028BCD9F036}.Release|Any CPU.ActiveCfg = Release|Any CPU
		{E7BEA506-5BC8-4F3B-A92B-6028BCD9F036}.Release|Any CPU.Build.0 = Release|Any CPU
		{E7BEA506-5BC8-4F3B-A92B-6028BCD9F036}.Release|x64.ActiveCfg = Release|Any CPU
		{E7BEA506-5BC8-4F3B-A92B-6028BCD9F036}.Release|x64.Build.0 = Release|Any CPU
		{E7BEA506-5BC8-4F3B-A92B-6028BCD9F036}.Release|x86.ActiveCfg = Release|Any CPU
		{E7BEA506-5BC8-4F3B-A92B-6028BCD9F036}.Release|x86.Build.0 = Release|Any CPU
		{5EB73BBA-2B20-4D3A-9EDE-65CEEB2B4F35}.Debug|Any CPU.ActiveCfg = Debug|Any CPU
		{5EB73BBA-2B20-4D3A-9EDE-65CEEB2B4F35}.Debug|Any CPU.Build.0 = Debug|Any CPU
		{5EB73BBA-2B20-4D3A-9EDE-65CEEB2B4F35}.Debug|x64.ActiveCfg = Debug|Any CPU
		{5EB73BBA-2B20-4D3A-9EDE-65CEEB2B4F35}.Debug|x64.Build.0 = Debug|Any CPU
		{5EB73BBA-2B20-4D3A-9EDE-65CEEB2B4F35}.Debug|x86.ActiveCfg = Debug|Any CPU
		{5EB73BBA-2B20-4D3A-9EDE-65CEEB2B4F35}.Debug|x86.Build.0 = Debug|Any CPU
		{5EB73BBA-2B20-4D3A-9EDE-65CEEB2B4F35}.Release|Any CPU.ActiveCfg = Release|Any CPU
		{5EB73BBA-2B20-4D3A-9EDE-65CEEB2B4F35}.Release|Any CPU.Build.0 = Release|Any CPU
		{5EB73BBA-2B20-4D3A-9EDE-65CEEB2B4F35}.Release|x64.ActiveCfg = Release|Any CPU
		{5EB73BBA-2B20-4D3A-9EDE-65CEEB2B4F35}.Release|x64.Build.0 = Release|Any CPU
		{5EB73BBA-2B20-4D3A-9EDE-65CEEB2B4F35}.Release|x86.ActiveCfg = Release|Any CPU
		{5EB73BBA-2B20-4D3A-9EDE-65CEEB2B4F35}.Release|x86.Build.0 = Release|Any CPU
		{3ACC146F-8BCA-4DC1-A488-A65033F1C191}.Debug|Any CPU.ActiveCfg = Debug|Any CPU
		{3ACC146F-8BCA-4DC1-A488-A65033F1C191}.Debug|Any CPU.Build.0 = Debug|Any CPU
		{3ACC146F-8BCA-4DC1-A488-A65033F1C191}.Debug|x64.ActiveCfg = Debug|Any CPU
		{3ACC146F-8BCA-4DC1-A488-A65033F1C191}.Debug|x64.Build.0 = Debug|Any CPU
		{3ACC146F-8BCA-4DC1-A488-A65033F1C191}.Debug|x86.ActiveCfg = Debug|Any CPU
		{3ACC146F-8BCA-4DC1-A488-A65033F1C191}.Debug|x86.Build.0 = Debug|Any CPU
		{3ACC146F-8BCA-4DC1-A488-A65033F1C191}.Release|Any CPU.ActiveCfg = Release|Any CPU
		{3ACC146F-8BCA-4DC1-A488-A65033F1C191}.Release|Any CPU.Build.0 = Release|Any CPU
		{3ACC146F-8BCA-4DC1-A488-A65033F1C191}.Release|x64.ActiveCfg = Release|Any CPU
		{3ACC146F-8BCA-4DC1-A488-A65033F1C191}.Release|x64.Build.0 = Release|Any CPU
		{3ACC146F-8BCA-4DC1-A488-A65033F1C191}.Release|x86.ActiveCfg = Release|Any CPU
		{3ACC146F-8BCA-4DC1-A488-A65033F1C191}.Release|x86.Build.0 = Release|Any CPU
		{2C71B58E-B6BB-4F0D-83F6-49152E48C519}.Debug|Any CPU.ActiveCfg = Debug|Any CPU
		{2C71B58E-B6BB-4F0D-83F6-49152E48C519}.Debug|Any CPU.Build.0 = Debug|Any CPU
		{2C71B58E-B6BB-4F0D-83F6-49152E48C519}.Debug|x64.ActiveCfg = Debug|Any CPU
		{2C71B58E-B6BB-4F0D-83F6-49152E48C519}.Debug|x64.Build.0 = Debug|Any CPU
		{2C71B58E-B6BB-4F0D-83F6-49152E48C519}.Debug|x86.ActiveCfg = Debug|Any CPU
		{2C71B58E-B6BB-4F0D-83F6-49152E48C519}.Debug|x86.Build.0 = Debug|Any CPU
		{2C71B58E-B6BB-4F0D-83F6-49152E48C519}.Release|Any CPU.ActiveCfg = Release|Any CPU
		{2C71B58E-B6BB-4F0D-83F6-49152E48C519}.Release|Any CPU.Build.0 = Release|Any CPU
		{2C71B58E-B6BB-4F0D-83F6-49152E48C519}.Release|x64.ActiveCfg = Release|Any CPU
		{2C71B58E-B6BB-4F0D-83F6-49152E48C519}.Release|x64.Build.0 = Release|Any CPU
		{2C71B58E-B6BB-4F0D-83F6-49152E48C519}.Release|x86.ActiveCfg = Release|Any CPU
		{2C71B58E-B6BB-4F0D-83F6-49152E48C519}.Release|x86.Build.0 = Release|Any CPU
		{CFB19454-A6EA-4136-A601-68817805A347}.Debug|Any CPU.ActiveCfg = Debug|Any CPU
		{CFB19454-A6EA-4136-A601-68817805A347}.Debug|Any CPU.Build.0 = Debug|Any CPU
		{CFB19454-A6EA-4136-A601-68817805A347}.Debug|x64.ActiveCfg = Debug|Any CPU
		{CFB19454-A6EA-4136-A601-68817805A347}.Debug|x64.Build.0 = Debug|Any CPU
		{CFB19454-A6EA-4136-A601-68817805A347}.Debug|x86.ActiveCfg = Debug|Any CPU
		{CFB19454-A6EA-4136-A601-68817805A347}.Debug|x86.Build.0 = Debug|Any CPU
		{CFB19454-A6EA-4136-A601-68817805A347}.Release|Any CPU.ActiveCfg = Release|Any CPU
		{CFB19454-A6EA-4136-A601-68817805A347}.Release|Any CPU.Build.0 = Release|Any CPU
		{CFB19454-A6EA-4136-A601-68817805A347}.Release|x64.ActiveCfg = Release|Any CPU
		{CFB19454-A6EA-4136-A601-68817805A347}.Release|x64.Build.0 = Release|Any CPU
		{CFB19454-A6EA-4136-A601-68817805A347}.Release|x86.ActiveCfg = Release|Any CPU
		{CFB19454-A6EA-4136-A601-68817805A347}.Release|x86.Build.0 = Release|Any CPU
		{8F4324D1-E8F8-479B-8B5B-A71F764616E6}.Debug|Any CPU.ActiveCfg = Debug|Any CPU
		{8F4324D1-E8F8-479B-8B5B-A71F764616E6}.Debug|Any CPU.Build.0 = Debug|Any CPU
		{8F4324D1-E8F8-479B-8B5B-A71F764616E6}.Debug|x64.ActiveCfg = Debug|Any CPU
		{8F4324D1-E8F8-479B-8B5B-A71F764616E6}.Debug|x64.Build.0 = Debug|Any CPU
		{8F4324D1-E8F8-479B-8B5B-A71F764616E6}.Debug|x86.ActiveCfg = Debug|Any CPU
		{8F4324D1-E8F8-479B-8B5B-A71F764616E6}.Debug|x86.Build.0 = Debug|Any CPU
		{8F4324D1-E8F8-479B-8B5B-A71F764616E6}.Release|Any CPU.ActiveCfg = Release|Any CPU
		{8F4324D1-E8F8-479B-8B5B-A71F764616E6}.Release|Any CPU.Build.0 = Release|Any CPU
		{8F4324D1-E8F8-479B-8B5B-A71F764616E6}.Release|x64.ActiveCfg = Release|Any CPU
		{8F4324D1-E8F8-479B-8B5B-A71F764616E6}.Release|x64.Build.0 = Release|Any CPU
		{8F4324D1-E8F8-479B-8B5B-A71F764616E6}.Release|x86.ActiveCfg = Release|Any CPU
		{8F4324D1-E8F8-479B-8B5B-A71F764616E6}.Release|x86.Build.0 = Release|Any CPU
		{D41300A0-BBA1-4801-A44E-DF7D2AFF906B}.Debug|Any CPU.ActiveCfg = Debug|Any CPU
		{D41300A0-BBA1-4801-A44E-DF7D2AFF906B}.Debug|Any CPU.Build.0 = Debug|Any CPU
		{D41300A0-BBA1-4801-A44E-DF7D2AFF906B}.Debug|x64.ActiveCfg = Debug|Any CPU
		{D41300A0-BBA1-4801-A44E-DF7D2AFF906B}.Debug|x64.Build.0 = Debug|Any CPU
		{D41300A0-BBA1-4801-A44E-DF7D2AFF906B}.Debug|x86.ActiveCfg = Debug|Any CPU
		{D41300A0-BBA1-4801-A44E-DF7D2AFF906B}.Debug|x86.Build.0 = Debug|Any CPU
		{D41300A0-BBA1-4801-A44E-DF7D2AFF906B}.Release|Any CPU.ActiveCfg = Release|Any CPU
		{D41300A0-BBA1-4801-A44E-DF7D2AFF906B}.Release|Any CPU.Build.0 = Release|Any CPU
		{D41300A0-BBA1-4801-A44E-DF7D2AFF906B}.Release|x64.ActiveCfg = Release|Any CPU
		{D41300A0-BBA1-4801-A44E-DF7D2AFF906B}.Release|x64.Build.0 = Release|Any CPU
		{D41300A0-BBA1-4801-A44E-DF7D2AFF906B}.Release|x86.ActiveCfg = Release|Any CPU
		{D41300A0-BBA1-4801-A44E-DF7D2AFF906B}.Release|x86.Build.0 = Release|Any CPU
		{B39A5D01-463C-4969-ACB5-E32CF001EE08}.Debug|Any CPU.ActiveCfg = Debug|Any CPU
		{B39A5D01-463C-4969-ACB5-E32CF001EE08}.Debug|Any CPU.Build.0 = Debug|Any CPU
		{B39A5D01-463C-4969-ACB5-E32CF001EE08}.Debug|x64.ActiveCfg = Debug|Any CPU
		{B39A5D01-463C-4969-ACB5-E32CF001EE08}.Debug|x64.Build.0 = Debug|Any CPU
		{B39A5D01-463C-4969-ACB5-E32CF001EE08}.Debug|x86.ActiveCfg = Debug|Any CPU
		{B39A5D01-463C-4969-ACB5-E32CF001EE08}.Debug|x86.Build.0 = Debug|Any CPU
		{B39A5D01-463C-4969-ACB5-E32CF001EE08}.Release|Any CPU.ActiveCfg = Release|Any CPU
		{B39A5D01-463C-4969-ACB5-E32CF001EE08}.Release|Any CPU.Build.0 = Release|Any CPU
		{B39A5D01-463C-4969-ACB5-E32CF001EE08}.Release|x64.ActiveCfg = Release|Any CPU
		{B39A5D01-463C-4969-ACB5-E32CF001EE08}.Release|x64.Build.0 = Release|Any CPU
		{B39A5D01-463C-4969-ACB5-E32CF001EE08}.Release|x86.ActiveCfg = Release|Any CPU
		{B39A5D01-463C-4969-ACB5-E32CF001EE08}.Release|x86.Build.0 = Release|Any CPU
		{E57A011C-49E2-4688-AFAB-C45ED182A115}.Debug|Any CPU.ActiveCfg = Debug|Any CPU
		{E57A011C-49E2-4688-AFAB-C45ED182A115}.Debug|Any CPU.Build.0 = Debug|Any CPU
		{E57A011C-49E2-4688-AFAB-C45ED182A115}.Debug|x64.ActiveCfg = Debug|Any CPU
		{E57A011C-49E2-4688-AFAB-C45ED182A115}.Debug|x64.Build.0 = Debug|Any CPU
		{E57A011C-49E2-4688-AFAB-C45ED182A115}.Debug|x86.ActiveCfg = Debug|Any CPU
		{E57A011C-49E2-4688-AFAB-C45ED182A115}.Debug|x86.Build.0 = Debug|Any CPU
		{E57A011C-49E2-4688-AFAB-C45ED182A115}.Release|Any CPU.ActiveCfg = Release|Any CPU
		{E57A011C-49E2-4688-AFAB-C45ED182A115}.Release|Any CPU.Build.0 = Release|Any CPU
		{E57A011C-49E2-4688-AFAB-C45ED182A115}.Release|x64.ActiveCfg = Release|Any CPU
		{E57A011C-49E2-4688-AFAB-C45ED182A115}.Release|x64.Build.0 = Release|Any CPU
		{E57A011C-49E2-4688-AFAB-C45ED182A115}.Release|x86.ActiveCfg = Release|Any CPU
		{E57A011C-49E2-4688-AFAB-C45ED182A115}.Release|x86.Build.0 = Release|Any CPU
		{ABADA19B-506A-4C54-8676-2287E5B0AC70}.Debug|Any CPU.ActiveCfg = Debug|Any CPU
		{ABADA19B-506A-4C54-8676-2287E5B0AC70}.Debug|Any CPU.Build.0 = Debug|Any CPU
		{ABADA19B-506A-4C54-8676-2287E5B0AC70}.Debug|x64.ActiveCfg = Debug|Any CPU
		{ABADA19B-506A-4C54-8676-2287E5B0AC70}.Debug|x64.Build.0 = Debug|Any CPU
		{ABADA19B-506A-4C54-8676-2287E5B0AC70}.Debug|x86.ActiveCfg = Debug|Any CPU
		{ABADA19B-506A-4C54-8676-2287E5B0AC70}.Debug|x86.Build.0 = Debug|Any CPU
		{ABADA19B-506A-4C54-8676-2287E5B0AC70}.Release|Any CPU.ActiveCfg = Release|Any CPU
		{ABADA19B-506A-4C54-8676-2287E5B0AC70}.Release|Any CPU.Build.0 = Release|Any CPU
		{ABADA19B-506A-4C54-8676-2287E5B0AC70}.Release|x64.ActiveCfg = Release|Any CPU
		{ABADA19B-506A-4C54-8676-2287E5B0AC70}.Release|x64.Build.0 = Release|Any CPU
		{ABADA19B-506A-4C54-8676-2287E5B0AC70}.Release|x86.ActiveCfg = Release|Any CPU
		{ABADA19B-506A-4C54-8676-2287E5B0AC70}.Release|x86.Build.0 = Release|Any CPU
		{01DBB657-F92E-41F7-9AC3-46951DA0F237}.Debug|Any CPU.ActiveCfg = Debug|Any CPU
		{01DBB657-F92E-41F7-9AC3-46951DA0F237}.Debug|Any CPU.Build.0 = Debug|Any CPU
		{01DBB657-F92E-41F7-9AC3-46951DA0F237}.Debug|x64.ActiveCfg = Debug|Any CPU
		{01DBB657-F92E-41F7-9AC3-46951DA0F237}.Debug|x64.Build.0 = Debug|Any CPU
		{01DBB657-F92E-41F7-9AC3-46951DA0F237}.Debug|x86.ActiveCfg = Debug|Any CPU
		{01DBB657-F92E-41F7-9AC3-46951DA0F237}.Debug|x86.Build.0 = Debug|Any CPU
		{01DBB657-F92E-41F7-9AC3-46951DA0F237}.Release|Any CPU.ActiveCfg = Release|Any CPU
		{01DBB657-F92E-41F7-9AC3-46951DA0F237}.Release|Any CPU.Build.0 = Release|Any CPU
		{01DBB657-F92E-41F7-9AC3-46951DA0F237}.Release|x64.ActiveCfg = Release|Any CPU
		{01DBB657-F92E-41F7-9AC3-46951DA0F237}.Release|x64.Build.0 = Release|Any CPU
		{01DBB657-F92E-41F7-9AC3-46951DA0F237}.Release|x86.ActiveCfg = Release|Any CPU
		{01DBB657-F92E-41F7-9AC3-46951DA0F237}.Release|x86.Build.0 = Release|Any CPU
		{05473C04-EF34-47C9-9168-9CC39A5AFC0F}.Debug|Any CPU.ActiveCfg = Debug|Any CPU
		{05473C04-EF34-47C9-9168-9CC39A5AFC0F}.Debug|Any CPU.Build.0 = Debug|Any CPU
		{05473C04-EF34-47C9-9168-9CC39A5AFC0F}.Debug|x64.ActiveCfg = Debug|Any CPU
		{05473C04-EF34-47C9-9168-9CC39A5AFC0F}.Debug|x64.Build.0 = Debug|Any CPU
		{05473C04-EF34-47C9-9168-9CC39A5AFC0F}.Debug|x86.ActiveCfg = Debug|Any CPU
		{05473C04-EF34-47C9-9168-9CC39A5AFC0F}.Debug|x86.Build.0 = Debug|Any CPU
		{05473C04-EF34-47C9-9168-9CC39A5AFC0F}.Release|Any CPU.ActiveCfg = Release|Any CPU
		{05473C04-EF34-47C9-9168-9CC39A5AFC0F}.Release|Any CPU.Build.0 = Release|Any CPU
		{05473C04-EF34-47C9-9168-9CC39A5AFC0F}.Release|x64.ActiveCfg = Release|Any CPU
		{05473C04-EF34-47C9-9168-9CC39A5AFC0F}.Release|x64.Build.0 = Release|Any CPU
		{05473C04-EF34-47C9-9168-9CC39A5AFC0F}.Release|x86.ActiveCfg = Release|Any CPU
		{05473C04-EF34-47C9-9168-9CC39A5AFC0F}.Release|x86.Build.0 = Release|Any CPU
		{FBE51289-1391-4C43-8A63-29A7857AB6D1}.Debug|Any CPU.ActiveCfg = Debug|Any CPU
		{FBE51289-1391-4C43-8A63-29A7857AB6D1}.Debug|Any CPU.Build.0 = Debug|Any CPU
		{FBE51289-1391-4C43-8A63-29A7857AB6D1}.Debug|x64.ActiveCfg = Debug|Any CPU
		{FBE51289-1391-4C43-8A63-29A7857AB6D1}.Debug|x64.Build.0 = Debug|Any CPU
		{FBE51289-1391-4C43-8A63-29A7857AB6D1}.Debug|x86.ActiveCfg = Debug|Any CPU
		{FBE51289-1391-4C43-8A63-29A7857AB6D1}.Debug|x86.Build.0 = Debug|Any CPU
		{FBE51289-1391-4C43-8A63-29A7857AB6D1}.Release|Any CPU.ActiveCfg = Release|Any CPU
		{FBE51289-1391-4C43-8A63-29A7857AB6D1}.Release|Any CPU.Build.0 = Release|Any CPU
		{FBE51289-1391-4C43-8A63-29A7857AB6D1}.Release|x64.ActiveCfg = Release|Any CPU
		{FBE51289-1391-4C43-8A63-29A7857AB6D1}.Release|x64.Build.0 = Release|Any CPU
		{FBE51289-1391-4C43-8A63-29A7857AB6D1}.Release|x86.ActiveCfg = Release|Any CPU
		{FBE51289-1391-4C43-8A63-29A7857AB6D1}.Release|x86.Build.0 = Release|Any CPU
	EndGlobalSection
	GlobalSection(SolutionProperties) = preSolution
		HideSolutionNode = FALSE
	EndGlobalSection
	GlobalSection(NestedProjects) = preSolution
		{D6A45584-7850-4D07-88D4-294E12B037F0} = {827E0CD3-B72D-47B6-A68D-7590B98EB39B}
		{EECEF18E-1138-4C8F-908B-3D3E5A5F9BAA} = {827E0CD3-B72D-47B6-A68D-7590B98EB39B}
		{B4FDF83D-8BA9-4506-82D5-A82AE0A0B1E9} = {827E0CD3-B72D-47B6-A68D-7590B98EB39B}
		{20DFFF18-95B7-419E-B03B-BF8CD43B8675} = {0AB3BF05-4346-4AA6-1389-037BE0695223}
		{61716742-BA2A-4635-8A8B-3671DFB48E57} = {0AB3BF05-4346-4AA6-1389-037BE0695223}
		{6C6A095A-A7C5-4D5E-9283-0E150987A8C3} = {5D20AA90-6969-D8BD-9DCD-8634F4692FDA}
		{DE52E499-3A82-4921-8C13-B0D5F3F2B009} = {827E0CD3-B72D-47B6-A68D-7590B98EB39B}
		{20FD04BC-3113-4CC2-85B8-5C44E72E9A30} = {0AB3BF05-4346-4AA6-1389-037BE0695223}
		{EAFD665B-DF94-49FF-B1C0-5D186D6DE3FF} = {827E0CD3-B72D-47B6-A68D-7590B98EB39B}
		{82B62BC7-1530-4288-9DF2-9CC1B8C76703} = {827E0CD3-B72D-47B6-A68D-7590B98EB39B}
		{8338728B-7C9A-48EA-8D9B-AAC7A5186270} = {827E0CD3-B72D-47B6-A68D-7590B98EB39B}
		{861F228E-8093-4456-B7A6-953C357C2D0A} = {827E0CD3-B72D-47B6-A68D-7590B98EB39B}
		{17E2E8D3-94AF-4E0C-B91E-E63217BB937D} = {0AB3BF05-4346-4AA6-1389-037BE0695223}
		{10EF3B17-07B8-4B2A-9508-085B33217DCD} = {827E0CD3-B72D-47B6-A68D-7590B98EB39B}
		{B1EA2E4A-E868-45B5-840F-354A580ACB23} = {0AB3BF05-4346-4AA6-1389-037BE0695223}
		{25D4A7FD-6D69-4FC7-BDC0-C8DE3E964C69} = {827E0CD3-B72D-47B6-A68D-7590B98EB39B}
		{A20B1E9C-7349-4522-8F72-1F757F4807D7} = {0AB3BF05-4346-4AA6-1389-037BE0695223}
		{B8242B45-F308-437A-9E5F-CDBAC972FFA0} = {827E0CD3-B72D-47B6-A68D-7590B98EB39B}
		{CC9575CA-B9DD-4D2E-A0A0-5AE6BCBEFDFE} = {0AB3BF05-4346-4AA6-1389-037BE0695223}
		{A245417B-AF24-4D89-BA54-D60C791A52A5} = {827E0CD3-B72D-47B6-A68D-7590B98EB39B}
		{F9C7906B-B79F-4C24-AC73-A6E9A20744EF} = {827E0CD3-B72D-47B6-A68D-7590B98EB39B}
		{1D7683F8-F2DD-4A1D-B308-FD8A8A767F58} = {827E0CD3-B72D-47B6-A68D-7590B98EB39B}
		{30F777F4-D4B9-436B-A5B1-71D357D47CDC} = {827E0CD3-B72D-47B6-A68D-7590B98EB39B}
		{FF315AFC-3CDC-4115-9E6F-F9AC1C5A9C07} = {5D20AA90-6969-D8BD-9DCD-8634F4692FDA}
		{9F67DF78-C6B7-4385-AC70-AB9B37D98BF2} = {5D20AA90-6969-D8BD-9DCD-8634F4692FDA}
		{E7BEA506-5BC8-4F3B-A92B-6028BCD9F036} = {5D20AA90-6969-D8BD-9DCD-8634F4692FDA}
		{5EB73BBA-2B20-4D3A-9EDE-65CEEB2B4F35} = {5D20AA90-6969-D8BD-9DCD-8634F4692FDA}
		{3ACC146F-8BCA-4DC1-A488-A65033F1C191} = {5D20AA90-6969-D8BD-9DCD-8634F4692FDA}
		{2C71B58E-B6BB-4F0D-83F6-49152E48C519} = {827E0CD3-B72D-47B6-A68D-7590B98EB39B}
		{CFB19454-A6EA-4136-A601-68817805A347} = {0AB3BF05-4346-4AA6-1389-037BE0695223}
		{8F4324D1-E8F8-479B-8B5B-A71F764616E6} = {827E0CD3-B72D-47B6-A68D-7590B98EB39B}
		{D41300A0-BBA1-4801-A44E-DF7D2AFF906B} = {827E0CD3-B72D-47B6-A68D-7590B98EB39B}
		{B39A5D01-463C-4969-ACB5-E32CF001EE08} = {827E0CD3-B72D-47B6-A68D-7590B98EB39B}
		{E57A011C-49E2-4688-AFAB-C45ED182A115} = {0AB3BF05-4346-4AA6-1389-037BE0695223}
		{ABADA19B-506A-4C54-8676-2287E5B0AC70} = {0AB3BF05-4346-4AA6-1389-037BE0695223}
		{01DBB657-F92E-41F7-9AC3-46951DA0F237} = {0AB3BF05-4346-4AA6-1389-037BE0695223}
		{05473C04-EF34-47C9-9168-9CC39A5AFC0F} = {827E0CD3-B72D-47B6-A68D-7590B98EB39B}
		{FBE51289-1391-4C43-8A63-29A7857AB6D1} = {0AB3BF05-4346-4AA6-1389-037BE0695223}
	EndGlobalSection
EndGlobal
